// !$*UTF8*$!
{
	archiveVersion = 1;
	classes = {
	};
	objectVersion = 50;
	objects = {

/* Begin PBXBuildFile section */
		B9CF2D45254819080098AA51 /* AppDelegate.m in Sources */ = {isa = PBXBuildFile; fileRef = B9CF2D44254819080098AA51 /* AppDelegate.m */; };
		B9CF2D48254819080098AA51 /* SceneDelegate.m in Sources */ = {isa = PBXBuildFile; fileRef = B9CF2D47254819080098AA51 /* SceneDelegate.m */; };
		B9CF2D4B254819080098AA51 /* ViewController.m in Sources */ = {isa = PBXBuildFile; fileRef = B9CF2D4A254819080098AA51 /* ViewController.m */; };
		B9CF2D4E254819080098AA51 /* Main.storyboard in Resources */ = {isa = PBXBuildFile; fileRef = B9CF2D4C254819080098AA51 /* Main.storyboard */; };
		B9CF2D502548190B0098AA51 /* Assets.xcassets in Resources */ = {isa = PBXBuildFile; fileRef = B9CF2D4F2548190B0098AA51 /* Assets.xcassets */; };
		B9CF2D532548190B0098AA51 /* LaunchScreen.storyboard in Resources */ = {isa = PBXBuildFile; fileRef = B9CF2D512548190B0098AA51 /* LaunchScreen.storyboard */; };
		B9CF2D562548190B0098AA51 /* main.m in Sources */ = {isa = PBXBuildFile; fileRef = B9CF2D552548190B0098AA51 /* main.m */; };
		B9CF2D63254819E70098AA51 /* SampleProtocol.m in Sources */ = {isa = PBXBuildFile; fileRef = B9CF2D62254819E70098AA51 /* SampleProtocol.m */; };
/* End PBXBuildFile section */

/* Begin PBXFileReference section */
		B9CF2D40254819080098AA51 /* Sample Delegate.app */ = {isa = PBXFileReference; explicitFileType = wrapper.application; includeInIndex = 0; path = "Sample Delegate.app"; sourceTree = BUILT_PRODUCTS_DIR; };
		B9CF2D43254819080098AA51 /* AppDelegate.h */ = {isa = PBXFileReference; lastKnownFileType = sourcecode.c.h; path = AppDelegate.h; sourceTree = "<group>"; };
		B9CF2D44254819080098AA51 /* AppDelegate.m */ = {isa = PBXFileReference; lastKnownFileType = sourcecode.c.objc; path = AppDelegate.m; sourceTree = "<group>"; };
		B9CF2D46254819080098AA51 /* SceneDelegate.h */ = {isa = PBXFileReference; lastKnownFileType = sourcecode.c.h; path = SceneDelegate.h; sourceTree = "<group>"; };
		B9CF2D47254819080098AA51 /* SceneDelegate.m */ = {isa = PBXFileReference; lastKnownFileType = sourcecode.c.objc; path = SceneDelegate.m; sourceTree = "<group>"; };
		B9CF2D49254819080098AA51 /* ViewController.h */ = {isa = PBXFileReference; lastKnownFileType = sourcecode.c.h; path = ViewController.h; sourceTree = "<group>"; };
		B9CF2D4A254819080098AA51 /* ViewController.m */ = {isa = PBXFileReference; lastKnownFileType = sourcecode.c.objc; path = ViewController.m; sourceTree = "<group>"; };
		B9CF2D4D254819080098AA51 /* Base */ = {isa = PBXFileReference; lastKnownFileType = file.storyboard; name = Base; path = Base.lproj/Main.storyboard; sourceTree = "<group>"; };
		B9CF2D4F2548190B0098AA51 /* Assets.xcassets */ = {isa = PBXFileReference; lastKnownFileType = folder.assetcatalog; path = Assets.xcassets; sourceTree = "<group>"; };
		B9CF2D522548190B0098AA51 /* Base */ = {isa = PBXFileReference; lastKnownFileType = file.storyboard; name = Base; path = Base.lproj/LaunchScreen.storyboard; sourceTree = "<group>"; };
		B9CF2D542548190B0098AA51 /* Info.plist */ = {isa = PBXFileReference; lastKnownFileType = text.plist.xml; path = Info.plist; sourceTree = "<group>"; };
		B9CF2D552548190B0098AA51 /* main.m */ = {isa = PBXFileReference; lastKnownFileType = sourcecode.c.objc; path = main.m; sourceTree = "<group>"; };
		B9CF2D61254819E70098AA51 /* SampleProtocol.h */ = {isa = PBXFileReference; lastKnownFileType = sourcecode.c.h; path = SampleProtocol.h; sourceTree = "<group>"; };
		B9CF2D62254819E70098AA51 /* SampleProtocol.m */ = {isa = PBXFileReference; lastKnownFileType = sourcecode.c.objc; path = SampleProtocol.m; sourceTree = "<group>"; };
/* End PBXFileReference section */

/* Begin PBXFrameworksBuildPhase section */
		B9CF2D3D254819080098AA51 /* Frameworks */ = {
			isa = PBXFrameworksBuildPhase;
			buildActionMask = 2147483647;
			files = (
			);
			runOnlyForDeploymentPostprocessing = 0;
		};
/* End PBXFrameworksBuildPhase section */

/* Begin PBXGroup section */
		B9CF2D37254819080098AA51 = {
			isa = PBXGroup;
			children = (
				B9CF2D42254819080098AA51 /* Sample Delegate */,
				B9CF2D41254819080098AA51 /* Products */,
			);
			sourceTree = "<group>";
		};
		B9CF2D41254819080098AA51 /* Products */ = {
			isa = PBXGroup;
			children = (
				B9CF2D40254819080098AA51 /* Sample Delegate.app */,
			);
			name = Products;
			sourceTree = "<group>";
		};
		B9CF2D42254819080098AA51 /* Sample Delegate */ = {
			isa = PBXGroup;
			children = (
				B9CF2D43254819080098AA51 /* AppDelegate.h */,
				B9CF2D44254819080098AA51 /* AppDelegate.m */,
				B9CF2D46254819080098AA51 /* SceneDelegate.h */,
				B9CF2D47254819080098AA51 /* SceneDelegate.m */,
				B9CF2D49254819080098AA51 /* ViewController.h */,
				B9CF2D4A254819080098AA51 /* ViewController.m */,
				B9CF2D4C254819080098AA51 /* Main.storyboard */,
				B9CF2D4F2548190B0098AA51 /* Assets.xcassets */,
				B9CF2D512548190B0098AA51 /* LaunchScreen.storyboard */,
				B9CF2D542548190B0098AA51 /* Info.plist */,
				B9CF2D552548190B0098AA51 /* main.m */,
				B9CF2D61254819E70098AA51 /* SampleProtocol.h */,
				B9CF2D62254819E70098AA51 /* SampleProtocol.m */,
			);
			path = "Sample Delegate";
			sourceTree = "<group>";
		};
/* End PBXGroup section */

/* Begin PBXNativeTarget section */
		B9CF2D3F254819080098AA51 /* Sample Delegate */ = {
			isa = PBXNativeTarget;
			buildConfigurationList = B9CF2D592548190B0098AA51 /* Build configuration list for PBXNativeTarget "Sample Delegate" */;
			buildPhases = (
				B9CF2D3C254819080098AA51 /* Sources */,
				B9CF2D3D254819080098AA51 /* Frameworks */,
				B9CF2D3E254819080098AA51 /* Resources */,
			);
			buildRules = (
			);
			dependencies = (
			);
			name = "Sample Delegate";
			productName = "Sample Delegate";
			productReference = B9CF2D40254819080098AA51 /* Sample Delegate.app */;
			productType = "com.apple.product-type.application";
		};
/* End PBXNativeTarget section */

/* Begin PBXProject section */
		B9CF2D38254819080098AA51 /* Project object */ = {
			isa = PBXProject;
			attributes = {
				LastUpgradeCheck = 1210;
				TargetAttributes = {
					B9CF2D3F254819080098AA51 = {
						CreatedOnToolsVersion = 12.1;
					};
				};
			};
			buildConfigurationList = B9CF2D3B254819080098AA51 /* Build configuration list for PBXProject "Sample Delegate" */;
			compatibilityVersion = "Xcode 9.3";
			developmentRegion = en;
			hasScannedForEncodings = 0;
			knownRegions = (
				en,
				Base,
			);
			mainGroup = B9CF2D37254819080098AA51;
			productRefGroup = B9CF2D41254819080098AA51 /* Products */;
			projectDirPath = "";
			projectRoot = "";
			targets = (
				B9CF2D3F254819080098AA51 /* Sample Delegate */,
			);
		};
/* End PBXProject section */

/* Begin PBXResourcesBuildPhase section */
		B9CF2D3E254819080098AA51 /* Resources */ = {
			isa = PBXResourcesBuildPhase;
			buildActionMask = 2147483647;
			files = (
				B9CF2D532548190B0098AA51 /* LaunchScreen.storyboard in Resources */,
				B9CF2D502548190B0098AA51 /* Assets.xcassets in Resources */,
				B9CF2D4E254819080098AA51 /* Main.storyboard in Resources */,
			);
			runOnlyForDeploymentPostprocessing = 0;
		};
/* End PBXResourcesBuildPhase section */

/* Begin PBXSourcesBuildPhase section */
		B9CF2D3C254819080098AA51 /* Sources */ = {
			isa = PBXSourcesBuildPhase;
			buildActionMask = 2147483647;
			files = (
				B9CF2D63254819E70098AA51 /* SampleProtocol.m in Sources */,
				B9CF2D4B254819080098AA51 /* ViewController.m in Sources */,
				B9CF2D45254819080098AA51 /* AppDelegate.m in Sources */,
				B9CF2D562548190B0098AA51 /* main.m in Sources */,
				B9CF2D48254819080098AA51 /* SceneDelegate.m in Sources */,
			);
			runOnlyForDeploymentPostprocessing = 0;
		};
/* End PBXSourcesBuildPhase section */

/* Begin PBXVariantGroup section */
		B9CF2D4C254819080098AA51 /* Main.storyboard */ = {
			isa = PBXVariantGroup;
			children = (
				B9CF2D4D254819080098AA51 /* Base */,
			);
			name = Main.storyboard;
			sourceTree = "<group>";
		};
		B9CF2D512548190B0098AA51 /* LaunchScreen.storyboard */ = {
			isa = PBXVariantGroup;
			children = (
				B9CF2D522548190B0098AA51 /* Base */,
			);
			name = LaunchScreen.storyboard;
			sourceTree = "<group>";
		};
/* End PBXVariantGroup section */

/* Begin XCBuildConfiguration section */
		B9CF2D572548190B0098AA51 /* Debug */ = {
			isa = XCBuildConfiguration;
			buildSettings = {
				ALWAYS_SEARCH_USER_PATHS = NO;
				CLANG_ANALYZER_NONNULL = YES;
				CLANG_ANALYZER_NUMBER_OBJECT_CONVERSION = YES_AGGRESSIVE;
				CLANG_CXX_LANGUAGE_STANDARD = "gnu++14";
				CLANG_CXX_LIBRARY = "libc++";
				CLANG_ENABLE_MODULES = YES;
				CLANG_ENABLE_OBJC_ARC = YES;
				CLANG_ENABLE_OBJC_WEAK = YES;
				CLANG_WARN_BLOCK_CAPTURE_AUTORELEASING = YES;
				CLANG_WARN_BOOL_CONVERSION = YES;
				CLANG_WARN_COMMA = YES;
				CLANG_WARN_CONSTANT_CONVERSION = YES;
				CLANG_WARN_DEPRECATED_OBJC_IMPLEMENTATIONS = YES;
				CLANG_WARN_DIRECT_OBJC_ISA_USAGE = YES_ERROR;
				CLANG_WARN_DOCUMENTATION_COMMENTS = YES;
				CLANG_WARN_EMPTY_BODY = YES;
				CLANG_WARN_ENUM_CONVERSION = YES;
				CLANG_WARN_INFINITE_RECURSION = YES;
				CLANG_WARN_INT_CONVERSION = YES;
				CLANG_WARN_NON_LITERAL_NULL_CONVERSION = YES;
				CLANG_WARN_OBJC_IMPLICIT_RETAIN_SELF = YES;
				CLANG_WARN_OBJC_LITERAL_CONVERSION = YES;
				CLANG_WARN_OBJC_ROOT_CLASS = YES_ERROR;
				CLANG_WARN_QUOTED_INCLUDE_IN_FRAMEWORK_HEADER = YES;
				CLANG_WARN_RANGE_LOOP_ANALYSIS = YES;
				CLANG_WARN_STRICT_PROTOTYPES = YES;
				CLANG_WARN_SUSPICIOUS_MOVE = YES;
				CLANG_WARN_UNGUARDED_AVAILABILITY = YES_AGGRESSIVE;
				CLANG_WARN_UNREACHABLE_CODE = YES;
				CLANG_WARN__DUPLICATE_METHOD_MATCH = YES;
				COPY_PHASE_STRIP = NO;
				DEBUG_INFORMATION_FORMAT = dwarf;
				ENABLE_STRICT_OBJC_MSGSEND = YES;
				ENABLE_TESTABILITY = YES;
				GCC_C_LANGUAGE_STANDARD = gnu11;
				GCC_DYNAMIC_NO_PIC = NO;
				GCC_NO_COMMON_BLOCKS = YES;
				GCC_OPTIMIZATION_LEVEL = 0;
				GCC_PREPROCESSOR_DEFINITIONS = (
					"DEBUG=1",
					"$(inherited)",
				);
				GCC_WARN_64_TO_32_BIT_CONVERSION = YES;
				GCC_WARN_ABOUT_RETURN_TYPE = YES_ERROR;
				GCC_WARN_UNDECLARED_SELECTOR = YES;
				GCC_WARN_UNINITIALIZED_AUTOS = YES_AGGRESSIVE;
				GCC_WARN_UNUSED_FUNCTION = YES;
				GCC_WARN_UNUSED_VARIABLE = YES;
				IPHONEOS_DEPLOYMENT_TARGET = 14.1;
				MTL_ENABLE_DEBUG_INFO = INCLUDE_SOURCE;
				MTL_FAST_MATH = YES;
				ONLY_ACTIVE_ARCH = YES;
				SDKROOT = iphoneos;
			};
			name = Debug;
		};
		B9CF2D582548190B0098AA51 /* Release */ = {
			isa = XCBuildConfiguration;
			buildSettings = {
				ALWAYS_SEARCH_USER_PATHS = NO;
				CLANG_ANALYZER_NONNULL = YES;
				CLANG_ANALYZER_NUMBER_OBJECT_CONVERSION = YES_AGGRESSIVE;
				CLANG_CXX_LANGUAGE_STANDARD = "gnu++14";
				CLANG_CXX_LIBRARY = "libc++";
				CLANG_ENABLE_MODULES = YES;
				CLANG_ENABLE_OBJC_ARC = YES;
				CLANG_ENABLE_OBJC_WEAK = YES;
				CLANG_WARN_BLOCK_CAPTURE_AUTORELEASING = YES;
				CLANG_WARN_BOOL_CONVERSION = YES;
				CLANG_WARN_COMMA = YES;
				CLANG_WARN_CONSTANT_CONVERSION = YES;
				CLANG_WARN_DEPRECATED_OBJC_IMPLEMENTATIONS = YES;
				CLANG_WARN_DIRECT_OBJC_ISA_USAGE = YES_ERROR;
				CLANG_WARN_DOCUMENTATION_COMMENTS = YES;
				CLANG_WARN_EMPTY_BODY = YES;
				CLANG_WARN_ENUM_CONVERSION = YES;
				CLANG_WARN_INFINITE_RECURSION = YES;
				CLANG_WARN_INT_CONVERSION = YES;
				CLANG_WARN_NON_LITERAL_NULL_CONVERSION = YES;
				CLANG_WARN_OBJC_IMPLICIT_RETAIN_SELF = YES;
				CLANG_WARN_OBJC_LITERAL_CONVERSION = YES;
				CLANG_WARN_OBJC_ROOT_CLASS = YES_ERROR;
				CLANG_WARN_QUOTED_INCLUDE_IN_FRAMEWORK_HEADER = YES;
				CLANG_WARN_RANGE_LOOP_ANALYSIS = YES;
				CLANG_WARN_STRICT_PROTOTYPES = YES;
				CLANG_WARN_SUSPICIOUS_MOVE = YES;
				CLANG_WARN_UNGUARDED_AVAILABILITY = YES_AGGRESSIVE;
				CLANG_WARN_UNREACHABLE_CODE = YES;
				CLANG_WARN__DUPLICATE_METHOD_MATCH = YES;
				COPY_PHASE_STRIP = NO;
				DEBUG_INFORMATION_FORMAT = "dwarf-with-dsym";
				ENABLE_NS_ASSERTIONS = NO;
				ENABLE_STRICT_OBJC_MSGSEND = YES;
				GCC_C_LANGUAGE_STANDARD = gnu11;
				GCC_NO_COMMON_BLOCKS = YES;
				GCC_WARN_64_TO_32_BIT_CONVERSION = YES;
				GCC_WARN_ABOUT_RETURN_TYPE = YES_ERROR;
				GCC_WARN_UNDECLARED_SELECTOR = YES;
				GCC_WARN_UNINITIALIZED_AUTOS = YES_AGGRESSIVE;
				GCC_WARN_UNUSED_FUNCTION = YES;
				GCC_WARN_UNUSED_VARIABLE = YES;
				IPHONEOS_DEPLOYMENT_TARGET = 14.1;
				MTL_ENABLE_DEBUG_INFO = NO;
				MTL_FAST_MATH = YES;
				SDKROOT = iphoneos;
				VALIDATE_PRODUCT = YES;
			};
			name = Release;
		};
		B9CF2D5A2548190B0098AA51 /* Debug */ = {
			isa = XCBuildConfiguration;
			buildSettings = {
				ASSETCATALOG_COMPILER_APPICON_NAME = AppIcon;
				ASSETCATALOG_COMPILER_GLOBAL_ACCENT_COLOR_NAME = AccentColor;
				CODE_SIGN_STYLE = Automatic;
				DEVELOPMENT_TEAM = 7N9XBL6W7S;
				INFOPLIST_FILE = "Sample Delegate/Info.plist";
				LD_RUNPATH_SEARCH_PATHS = (
					"$(inherited)",
					"@executable_path/Frameworks",
				);
				PRODUCT_BUNDLE_IDENTIFIER = "com.nancy.Sample-Delegate";
				PRODUCT_NAME = "$(TARGET_NAME)";
				TARGETED_DEVICE_FAMILY = "1,2";
			};
			name = Debug;
		};
		B9CF2D5B2548190B0098AA51 /* Release */ = {
			isa = XCBuildConfiguration;
			buildSettings = {
				ASSETCATALOG_COMPILER_APPICON_NAME = AppIcon;
				ASSETCATALOG_COMPILER_GLOBAL_ACCENT_COLOR_NAME = AccentColor;
				CODE_SIGN_STYLE = Automatic;
				DEVELOPMENT_TEAM = 7N9XBL6W7S;
				INFOPLIST_FILE = "Sample Delegate/Info.plist";
				LD_RUNPATH_SEARCH_PATHS = (
					"$(inherited)",
					"@executable_path/Frameworks",
				);
				PRODUCT_BUNDLE_IDENTIFIER = "com.nancy.Sample-Delegate";
				PRODUCT_NAME = "$(TARGET_NAME)";
				TARGETED_DEVICE_FAMILY = "1,2";
			};
			name = Release;
		};
/* End XCBuildConfiguration section */

/* Begin XCConfigurationList section */
		B9CF2D3B254819080098AA51 /* Build configuration list for PBXProject "Sample Delegate" */ = {
			isa = XCConfigurationList;
			buildConfigurations = (
				B9CF2D572548190B0098AA51 /* Debug */,
				B9CF2D582548190B0098AA51 /* Release */,
			);
			defaultConfigurationIsVisible = 0;
			defaultConfigurationName = Release;
		};
		B9CF2D592548190B0098AA51 /* Build configuration list for PBXNativeTarget "Sample Delegate" */ = {
			isa = XCConfigurationList;
			buildConfigurations = (
				B9CF2D5A2548190B0098AA51 /* Debug */,
				B9CF2D5B2548190B0098AA51 /* Release */,
			);
			defaultConfigurationIsVisible = 0;
			defaultConfigurationName = Release;
		};
/* End XCConfigurationList section */
	};
	rootObject = B9CF2D38254819080098AA51 /* Project object */;
}
